{
  "name": "test-folder",
  "lockfileVersion": 3,
  "requires": true,
  "packages": {
    "": {
      "dependencies": {
        "ccstiet": "^1.0.5"
      }
    },
    "node_modules/ccstiet": {
      "version": "1.0.5",
      "resolved": "https://registry.npmjs.org/ccstiet/-/ccstiet-1.0.5.tgz",
      "integrity": "sha512-tBMvWGDL3B3i+dFsO4kd/gejC509z1A2KZWPyF7RfC90sDaArkMBMiB+Dq2hkPemlthDBc6k+5KJYqtcq15aNQ=="
    }
  }
}
